
Microsoft Visual Studio Solution File, Format Version 12.00
# Visual Studio Version 17
VisualStudioVersion = 17.0.31903.59
MinimumVisualStudioVersion = 10.0.40219.1
Project("{FAE04EC0-301F-11D3-BF4B-00C04F79EFBC}") = "NetworkUtility", "NetworkUtility\NetworkUtility.csproj", "{DD1A4197-9921-4828-A97B-B702703C28E9}"
EndProject
Project("{FAE04EC0-301F-11D3-BF4B-00C04F79EFBC}") = "NetworkUtility.Tests", "NetworkUtility.Tests\NetworkUtility.Tests.csproj", "{93C62196-2C40-4687-91E7-7D7CB9325190}"
EndProject
Global
	GlobalSection(SolutionConfigurationPlatforms) = preSolution
		Debug|Any CPU = Debug|Any CPU
		Release|Any CPU = Release|Any CPU
	EndGlobalSection
	GlobalSection(SolutionProperties) = preSolution
		HideSolutionNode = FALSE
	EndGlobalSection
	GlobalSection(ProjectConfigurationPlatforms) = postSolution
		{DD1A4197-9921-4828-A97B-B702703C28E9}.Debug|Any CPU.ActiveCfg = Debug|Any CPU
		{DD1A4197-9921-4828-A97B-B702703C28E9}.Debug|Any CPU.Build.0 = Debug|Any CPU
		{DD1A4197-9921-4828-A97B-B702703C28E9}.Release|Any CPU.ActiveCfg = Release|Any CPU
		{DD1A4197-9921-4828-A97B-B702703C28E9}.Release|Any CPU.Build.0 = Release|Any CPU
		{55CC5843-281B-484B-8613-33A97BCBE6EC}.Debug|Any CPU.ActiveCfg = Debug|Any CPU
		{55CC5843-281B-484B-8613-33A97BCBE6EC}.Debug|Any CPU.Build.0 = Debug|Any CPU
		{55CC5843-281B-484B-8613-33A97BCBE6EC}.Release|Any CPU.ActiveCfg = Release|Any CPU
		{55CC5843-281B-484B-8613-33A97BCBE6EC}.Release|Any CPU.Build.0 = Release|Any CPU
		{14382A7E-A17E-4379-97F9-9AA45A2DAB69}.Debug|Any CPU.ActiveCfg = Debug|Any CPU
		{14382A7E-A17E-4379-97F9-9AA45A2DAB69}.Debug|Any CPU.Build.0 = Debug|Any CPU
		{14382A7E-A17E-4379-97F9-9AA45A2DAB69}.Release|Any CPU.ActiveCfg = Release|Any CPU
		{14382A7E-A17E-4379-97F9-9AA45A2DAB69}.Release|Any CPU.Build.0 = Release|Any CPU
		{93C62196-2C40-4687-91E7-7D7CB9325190}.Debug|Any CPU.ActiveCfg = Debug|Any CPU
		{93C62196-2C40-4687-91E7-7D7CB9325190}.Debug|Any CPU.Build.0 = Debug|Any CPU
		{93C62196-2C40-4687-91E7-7D7CB9325190}.Release|Any CPU.ActiveCfg = Release|Any CPU
		{93C62196-2C40-4687-91E7-7D7CB9325190}.Release|Any CPU.Build.0 = Release|Any CPU
	EndGlobalSection
EndGlobal
